
Microsoft Visual Studio Solution File, Format Version 12.00
# Visual Studio Version 17
VisualStudioVersion = 17.9.34607.119
MinimumVisualStudioVersion = 10.0.40219.1
Project("{FAE04EC0-301F-11D3-BF4B-00C04F79EFBC}") = "ElementaryCellularAutomaton", "ElementaryCellularAutomaton.csproj", "{3F2D9996-17FC-417B-9D31-A7D10AD12374}"
EndProject
Global
	GlobalSection(SolutionConfigurationPlatforms) = preSolution
		Debug|Any CPU = Debug|Any CPU
		Release|Any CPU = Release|Any CPU
	EndGlobalSection
	GlobalSection(ProjectConfigurationPlatforms) = postSolution
		{3F2D9996-17FC-417B-9D31-A7D10AD12374}.Debug|Any CPU.ActiveCfg = Debug|Any CPU
		{3F2D9996-17FC-417B-9D31-A7D10AD12374}.Debug|Any CPU.Build.0 = Debug|Any CPU
		{3F2D9996-17FC-417B-9D31-A7D10AD12374}.Release|Any CPU.ActiveCfg = Release|Any CPU
		{3F2D9996-17FC-417B-9D31-A7D10AD12374}.Release|Any CPU.Build.0 = Release|Any CPU
	EndGlobalSection
	GlobalSection(SolutionProperties) = preSolution
		HideSolutionNode = FALSE
	EndGlobalSection
	GlobalSection(ExtensibilityGlobals) = postSolution
		SolutionGuid = {54DC87EC-B9F7-4B0F-A664-417B89F697BA}
	EndGlobalSection
EndGlobal
