
Microsoft Visual Studio Solution File, Format Version 12.00
# Visual Studio Version 17
VisualStudioVersion = 17.5.002.0
MinimumVisualStudioVersion = 10.0.40219.1
Project("{9A19103F-16F7-4668-BE54-9A1E7A4F7556}") = "Lab13", "Lab13.csproj", "{069DF49E-0E1D-4511-BB55-B772823E1880}"
EndProject
Global
	GlobalSection(SolutionConfigurationPlatforms) = preSolution
		Debug|Any CPU = Debug|Any CPU
		Release|Any CPU = Release|Any CPU
	EndGlobalSection
	GlobalSection(ProjectConfigurationPlatforms) = postSolution
		{069DF49E-0E1D-4511-BB55-B772823E1880}.Debug|Any CPU.ActiveCfg = Debug|Any CPU
		{069DF49E-0E1D-4511-BB55-B772823E1880}.Debug|Any CPU.Build.0 = Debug|Any CPU
		{069DF49E-0E1D-4511-BB55-B772823E1880}.Release|Any CPU.ActiveCfg = Release|Any CPU
		{069DF49E-0E1D-4511-BB55-B772823E1880}.Release|Any CPU.Build.0 = Release|Any CPU
	EndGlobalSection
	GlobalSection(SolutionProperties) = preSolution
		HideSolutionNode = FALSE
	EndGlobalSection
	GlobalSection(ExtensibilityGlobals) = postSolution
		SolutionGuid = {ACB1D274-CE60-4CF5-8EAD-411D6841B84D}
	EndGlobalSection
EndGlobal
