
Microsoft Visual Studio Solution File, Format Version 12.00
# Visual Studio Version 17
VisualStudioVersion = 17.9.34607.119
MinimumVisualStudioVersion = 10.0.40219.1
Project("{FAE04EC0-301F-11D3-BF4B-00C04F79EFBC}") = "WindowsFormsApp1", "WindowsFormsApp1.csproj", "{ACA72495-DB74-4DCC-ABFF-0386D9B9AEF9}"
EndProject
Global
	GlobalSection(SolutionConfigurationPlatforms) = preSolution
		Debug|Any CPU = Debug|Any CPU
		Release|Any CPU = Release|Any CPU
	EndGlobalSection
	GlobalSection(ProjectConfigurationPlatforms) = postSolution
		{ACA72495-DB74-4DCC-ABFF-0386D9B9AEF9}.Debug|Any CPU.ActiveCfg = Debug|Any CPU
		{ACA72495-DB74-4DCC-ABFF-0386D9B9AEF9}.Debug|Any CPU.Build.0 = Debug|Any CPU
		{ACA72495-DB74-4DCC-ABFF-0386D9B9AEF9}.Release|Any CPU.ActiveCfg = Release|Any CPU
		{ACA72495-DB74-4DCC-ABFF-0386D9B9AEF9}.Release|Any CPU.Build.0 = Release|Any CPU
	EndGlobalSection
	GlobalSection(SolutionProperties) = preSolution
		HideSolutionNode = FALSE
	EndGlobalSection
	GlobalSection(ExtensibilityGlobals) = postSolution
		SolutionGuid = {D65410FB-328F-4E03-8A41-54AB63D5BFA0}
	EndGlobalSection
EndGlobal
